
Microsoft Visual Studio Solution File, Format Version 12.00
# Visual Studio Version 17
VisualStudioVersion = 17.8.34330.188
MinimumVisualStudioVersion = 10.0.40219.1
Project("{FAE04EC0-301F-11D3-BF4B-00C04F79EFBC}") = "CadastroAPI", "CadastroAPI\CadastroAPI.csproj", "{7A70B1D8-C907-4438-A268-3431E7F62EB7}"
EndProject
Global
	GlobalSection(SolutionConfigurationPlatforms) = preSolution
		Debug|Any CPU = Debug|Any CPU
		Release|Any CPU = Release|Any CPU
	EndGlobalSection
	GlobalSection(ProjectConfigurationPlatforms) = postSolution
		{7A70B1D8-C907-4438-A268-3431E7F62EB7}.Debug|Any CPU.ActiveCfg = Debug|Any CPU
		{7A70B1D8-C907-4438-A268-3431E7F62EB7}.Debug|Any CPU.Build.0 = Debug|Any CPU
		{7A70B1D8-C907-4438-A268-3431E7F62EB7}.Release|Any CPU.ActiveCfg = Release|Any CPU
		{7A70B1D8-C907-4438-A268-3431E7F62EB7}.Release|Any CPU.Build.0 = Release|Any CPU
	EndGlobalSection
	GlobalSection(SolutionProperties) = preSolution
		HideSolutionNode = FALSE
	EndGlobalSection
	GlobalSection(ExtensibilityGlobals) = postSolution
		SolutionGuid = {BDFE5F56-51B3-4D6F-B56B-0BB907F3D71C}
	EndGlobalSection
EndGlobal
